// !$*UTF8*$!
{
	archiveVersion = 1;
	classes = {
	};
	objectVersion = 46;
	objects = {

/* Begin PBXBuildFile section */
		4D92D8BC1BD241540076201A /* AppDelegate.swift in Sources */ = {isa = PBXBuildFile; fileRef = 4D92D8BB1BD241540076201A /* AppDelegate.swift */; };
		4D92D8BE1BD241540076201A /* ViewController.swift in Sources */ = {isa = PBXBuildFile; fileRef = 4D92D8BD1BD241540076201A /* ViewController.swift */; };
		4D92D8C11BD241540076201A /* Main.storyboard in Resources */ = {isa = PBXBuildFile; fileRef = 4D92D8BF1BD241540076201A /* Main.storyboard */; };
		4D92D8C31BD241540076201A /* Images.xcassets in Resources */ = {isa = PBXBuildFile; fileRef = 4D92D8C21BD241540076201A /* Images.xcassets */; };
		4D92D8C61BD241540076201A /* LaunchScreen.xib in Resources */ = {isa = PBXBuildFile; fileRef = 4D92D8C41BD241540076201A /* LaunchScreen.xib */; };
		4D92D8D21BD241540076201A /* CurrencyCalculatorTests.swift in Sources */ = {isa = PBXBuildFile; fileRef = 4D92D8D11BD241540076201A /* CurrencyCalculatorTests.swift */; };
		4D9CA06A1BD323D6002DDA57 /* ViewController_test.swift in Sources */ = {isa = PBXBuildFile; fileRef = 4D9CA0691BD323D6002DDA57 /* ViewController_test.swift */; };
/* End PBXBuildFile section */

/* Begin PBXContainerItemProxy section */
		4D92D8CC1BD241540076201A /* PBXContainerItemProxy */ = {
			isa = PBXContainerItemProxy;
			containerPortal = 4D92D8AE1BD241540076201A /* Project object */;
			proxyType = 1;
			remoteGlobalIDString = 4D92D8B51BD241540076201A;
			remoteInfo = CurrencyCalculator;
		};
/* End PBXContainerItemProxy section */

/* Begin PBXFileReference section */
		4D92D8B61BD241540076201A /* CurrencyCalculator.app */ = {isa = PBXFileReference; explicitFileType = wrapper.application; includeInIndex = 0; path = CurrencyCalculator.app; sourceTree = BUILT_PRODUCTS_DIR; };
		4D92D8BA1BD241540076201A /* Info.plist */ = {isa = PBXFileReference; lastKnownFileType = text.plist.xml; path = Info.plist; sourceTree = "<group>"; };
		4D92D8BB1BD241540076201A /* AppDelegate.swift */ = {isa = PBXFileReference; lastKnownFileType = sourcecode.swift; path = AppDelegate.swift; sourceTree = "<group>"; };
		4D92D8BD1BD241540076201A /* ViewController.swift */ = {isa = PBXFileReference; lastKnownFileType = sourcecode.swift; path = ViewController.swift; sourceTree = "<group>"; };
		4D92D8C01BD241540076201A /* Base */ = {isa = PBXFileReference; lastKnownFileType = file.storyboard; name = Base; path = Base.lproj/Main.storyboard; sourceTree = "<group>"; };
		4D92D8C21BD241540076201A /* Images.xcassets */ = {isa = PBXFileReference; lastKnownFileType = folder.assetcatalog; path = Images.xcassets; sourceTree = "<group>"; };
		4D92D8C51BD241540076201A /* Base */ = {isa = PBXFileReference; lastKnownFileType = file.xib; name = Base; path = Base.lproj/LaunchScreen.xib; sourceTree = "<group>"; };
		4D92D8CB1BD241540076201A /* CurrencyCalculatorTests.xctest */ = {isa = PBXFileReference; explicitFileType = wrapper.cfbundle; includeInIndex = 0; path = CurrencyCalculatorTests.xctest; sourceTree = BUILT_PRODUCTS_DIR; };
		4D92D8D01BD241540076201A /* Info.plist */ = {isa = PBXFileReference; lastKnownFileType = text.plist.xml; path = Info.plist; sourceTree = "<group>"; };
		4D92D8D11BD241540076201A /* CurrencyCalculatorTests.swift */ = {isa = PBXFileReference; lastKnownFileType = sourcecode.swift; path = CurrencyCalculatorTests.swift; sourceTree = "<group>"; };
		4D9CA0691BD323D6002DDA57 /* ViewController_test.swift */ = {isa = PBXFileReference; fileEncoding = 4; lastKnownFileType = sourcecode.swift; path = ViewController_test.swift; sourceTree = "<group>"; };
/* End PBXFileReference section */

/* Begin PBXFrameworksBuildPhase section */
		4D92D8B31BD241540076201A /* Frameworks */ = {
			isa = PBXFrameworksBuildPhase;
			buildActionMask = 2147483647;
			files = (
			);
			runOnlyForDeploymentPostprocessing = 0;
		};
		4D92D8C81BD241540076201A /* Frameworks */ = {
			isa = PBXFrameworksBuildPhase;
			buildActionMask = 2147483647;
			files = (
			);
			runOnlyForDeploymentPostprocessing = 0;
		};
/* End PBXFrameworksBuildPhase section */

/* Begin PBXGroup section */
		4D92D8AD1BD241540076201A = {
			isa = PBXGroup;
			children = (
				4D92D8B81BD241540076201A /* CurrencyCalculator */,
				4D92D8CE1BD241540076201A /* CurrencyCalculatorTests */,
				4D92D8B71BD241540076201A /* Products */,
			);
			sourceTree = "<group>";
		};
		4D92D8B71BD241540076201A /* Products */ = {
			isa = PBXGroup;
			children = (
				4D92D8B61BD241540076201A /* CurrencyCalculator.app */,
				4D92D8CB1BD241540076201A /* CurrencyCalculatorTests.xctest */,
			);
			name = Products;
			sourceTree = "<group>";
		};
		4D92D8B81BD241540076201A /* CurrencyCalculator */ = {
			isa = PBXGroup;
			children = (
				4D9CA0691BD323D6002DDA57 /* ViewController_test.swift */,
				4D92D8BB1BD241540076201A /* AppDelegate.swift */,
				4D92D8BD1BD241540076201A /* ViewController.swift */,
				4D92D8BF1BD241540076201A /* Main.storyboard */,
				4D92D8C21BD241540076201A /* Images.xcassets */,
				4D92D8C41BD241540076201A /* LaunchScreen.xib */,
				4D92D8B91BD241540076201A /* Supporting Files */,
			);
			path = CurrencyCalculator;
			sourceTree = "<group>";
		};
		4D92D8B91BD241540076201A /* Supporting Files */ = {
			isa = PBXGroup;
			children = (
				4D92D8BA1BD241540076201A /* Info.plist */,
			);
			name = "Supporting Files";
			sourceTree = "<group>";
		};
		4D92D8CE1BD241540076201A /* CurrencyCalculatorTests */ = {
			isa = PBXGroup;
			children = (
				4D92D8D11BD241540076201A /* CurrencyCalculatorTests.swift */,
				4D92D8CF1BD241540076201A /* Supporting Files */,
			);
			path = CurrencyCalculatorTests;
			sourceTree = "<group>";
		};
		4D92D8CF1BD241540076201A /* Supporting Files */ = {
			isa = PBXGroup;
			children = (
				4D92D8D01BD241540076201A /* Info.plist */,
			);
			name = "Supporting Files";
			sourceTree = "<group>";
		};
/* End PBXGroup section */

/* Begin PBXNativeTarget section */
		4D92D8B51BD241540076201A /* CurrencyCalculator */ = {
			isa = PBXNativeTarget;
			buildConfigurationList = 4D92D8D51BD241540076201A /* Build configuration list for PBXNativeTarget "CurrencyCalculator" */;
			buildPhases = (
				4D92D8B21BD241540076201A /* Sources */,
				4D92D8B31BD241540076201A /* Frameworks */,
				4D92D8B41BD241540076201A /* Resources */,
			);
			buildRules = (
			);
			dependencies = (
			);
			name = CurrencyCalculator;
			productName = CurrencyCalculator;
			productReference = 4D92D8B61BD241540076201A /* CurrencyCalculator.app */;
			productType = "com.apple.product-type.application";
		};
		4D92D8CA1BD241540076201A /* CurrencyCalculatorTests */ = {
			isa = PBXNativeTarget;
			buildConfigurationList = 4D92D8D81BD241540076201A /* Build configuration list for PBXNativeTarget "CurrencyCalculatorTests" */;
			buildPhases = (
				4D92D8C71BD241540076201A /* Sources */,
				4D92D8C81BD241540076201A /* Frameworks */,
				4D92D8C91BD241540076201A /* Resources */,
			);
			buildRules = (
			);
			dependencies = (
				4D92D8CD1BD241540076201A /* PBXTargetDependency */,
			);
			name = CurrencyCalculatorTests;
			productName = CurrencyCalculatorTests;
			productReference = 4D92D8CB1BD241540076201A /* CurrencyCalculatorTests.xctest */;
			productType = "com.apple.product-type.bundle.unit-test";
		};
/* End PBXNativeTarget section */

/* Begin PBXProject section */
		4D92D8AE1BD241540076201A /* Project object */ = {
			isa = PBXProject;
			attributes = {
				LastSwiftMigration = 0710;
				LastSwiftUpdateCheck = 0710;
				LastUpgradeCheck = 0710;
				ORGANIZATIONNAME = com.pixelstitch;
				TargetAttributes = {
					4D92D8B51BD241540076201A = {
						CreatedOnToolsVersion = 6.3;
						DevelopmentTeam = 969D9994F3;
					};
					4D92D8CA1BD241540076201A = {
						CreatedOnToolsVersion = 6.3;
						TestTargetID = 4D92D8B51BD241540076201A;
					};
				};
			};
			buildConfigurationList = 4D92D8B11BD241540076201A /* Build configuration list for PBXProject "CurrencyCalculator" */;
			compatibilityVersion = "Xcode 3.2";
			developmentRegion = English;
			hasScannedForEncodings = 0;
			knownRegions = (
				en,
				Base,
			);
			mainGroup = 4D92D8AD1BD241540076201A;
			productRefGroup = 4D92D8B71BD241540076201A /* Products */;
			projectDirPath = "";
			projectRoot = "";
			targets = (
				4D92D8B51BD241540076201A /* CurrencyCalculator */,
				4D92D8CA1BD241540076201A /* CurrencyCalculatorTests */,
			);
		};
/* End PBXProject section */

/* Begin PBXResourcesBuildPhase section */
		4D92D8B41BD241540076201A /* Resources */ = {
			isa = PBXResourcesBuildPhase;
			buildActionMask = 2147483647;
			files = (
				4D92D8C11BD241540076201A /* Main.storyboard in Resources */,
				4D92D8C61BD241540076201A /* LaunchScreen.xib in Resources */,
				4D92D8C31BD241540076201A /* Images.xcassets in Resources */,
			);
			runOnlyForDeploymentPostprocessing = 0;
		};
		4D92D8C91BD241540076201A /* Resources */ = {
			isa = PBXResourcesBuildPhase;
			buildActionMask = 2147483647;
			files = (
			);
			runOnlyForDeploymentPostprocessing = 0;
		};
/* End PBXResourcesBuildPhase section */

/* Begin PBXSourcesBuildPhase section */
		4D92D8B21BD241540076201A /* Sources */ = {
			isa = PBXSourcesBuildPhase;
			buildActionMask = 2147483647;
			files = (
				4D9CA06A1BD323D6002DDA57 /* ViewController_test.swift in Sources */,
				4D92D8BE1BD241540076201A /* ViewController.swift in Sources */,
				4D92D8BC1BD241540076201A /* AppDelegate.swift in Sources */,
			);
			runOnlyForDeploymentPostprocessing = 0;
		};
		4D92D8C71BD241540076201A /* Sources */ = {
			isa = PBXSourcesBuildPhase;
			buildActionMask = 2147483647;
			files = (
				4D92D8D21BD241540076201A /* CurrencyCalculatorTests.swift in Sources */,
			);
			runOnlyForDeploymentPostprocessing = 0;
		};
/* End PBXSourcesBuildPhase section */

/* Begin PBXTargetDependency section */
		4D92D8CD1BD241540076201A /* PBXTargetDependency */ = {
			isa = PBXTargetDependency;
			target = 4D92D8B51BD241540076201A /* CurrencyCalculator */;
			targetProxy = 4D92D8CC1BD241540076201A /* PBXContainerItemProxy */;
		};
/* End PBXTargetDependency section */

/* Begin PBXVariantGroup section */
		4D92D8BF1BD241540076201A /* Main.storyboard */ = {
			isa = PBXVariantGroup;
			children = (
				4D92D8C01BD241540076201A /* Base */,
			);
			name = Main.storyboard;
			sourceTree = "<group>";
		};
		4D92D8C41BD241540076201A /* LaunchScreen.xib */ = {
			isa = PBXVariantGroup;
			children = (
				4D92D8C51BD241540076201A /* Base */,
			);
			name = LaunchScreen.xib;
			sourceTree = "<group>";
		};
/* End PBXVariantGroup section */

/* Begin XCBuildConfiguration section */
		4D92D8D31BD241540076201A /* Debug */ = {
			isa = XCBuildConfiguration;
			buildSettings = {
				ALWAYS_SEARCH_USER_PATHS = NO;
				CLANG_CXX_LANGUAGE_STANDARD = "gnu++0x";
				CLANG_CXX_LIBRARY = "libc++";
				CLANG_ENABLE_MODULES = YES;
				CLANG_ENABLE_OBJC_ARC = YES;
				CLANG_WARN_BOOL_CONVERSION = YES;
				CLANG_WARN_CONSTANT_CONVERSION = YES;
				CLANG_WARN_DIRECT_OBJC_ISA_USAGE = YES_ERROR;
				CLANG_WARN_EMPTY_BODY = YES;
				CLANG_WARN_ENUM_CONVERSION = YES;
				CLANG_WARN_INT_CONVERSION = YES;
				CLANG_WARN_OBJC_ROOT_CLASS = YES_ERROR;
				CLANG_WARN_UNREACHABLE_CODE = YES;
				CLANG_WARN__DUPLICATE_METHOD_MATCH = YES;
				"CODE_SIGN_IDENTITY[sdk=iphoneos*]" = "iPhone Developer";
				COPY_PHASE_STRIP = NO;
				DEBUG_INFORMATION_FORMAT = "dwarf-with-dsym";
				ENABLE_STRICT_OBJC_MSGSEND = YES;
				ENABLE_TESTABILITY = YES;
				GCC_C_LANGUAGE_STANDARD = gnu99;
				GCC_DYNAMIC_NO_PIC = NO;
				GCC_NO_COMMON_BLOCKS = YES;
				GCC_OPTIMIZATION_LEVEL = 0;
				GCC_PREPROCESSOR_DEFINITIONS = (
					"DEBUG=1",
					"$(inherited)",
				);
				GCC_SYMBOLS_PRIVATE_EXTERN = NO;
				GCC_WARN_64_TO_32_BIT_CONVERSION = YES;
				GCC_WARN_ABOUT_RETURN_TYPE = YES_ERROR;
				GCC_WARN_UNDECLARED_SELECTOR = YES;
				GCC_WARN_UNINITIALIZED_AUTOS = YES_AGGRESSIVE;
				GCC_WARN_UNUSED_FUNCTION = YES;
				GCC_WARN_UNUSED_VARIABLE = YES;
				IPHONEOS_DEPLOYMENT_TARGET = 8.3;
				MTL_ENABLE_DEBUG_INFO = YES;
				ONLY_ACTIVE_ARCH = YES;
				SDKROOT = iphoneos;
				SWIFT_OPTIMIZATION_LEVEL = "-Onone";
				TARGETED_DEVICE_FAMILY = "1,2";
			};
			name = Debug;
		};
		4D92D8D41BD241540076201A /* Release */ = {
			isa = XCBuildConfiguration;
			buildSettings = {
				ALWAYS_SEARCH_USER_PATHS = NO;
				CLANG_CXX_LANGUAGE_STANDARD = "gnu++0x";
				CLANG_CXX_LIBRARY = "libc++";
				CLANG_ENABLE_MODULES = YES;
				CLANG_ENABLE_OBJC_ARC = YES;
				CLANG_WARN_BOOL_CONVERSION = YES;
				CLANG_WARN_CONSTANT_CONVERSION = YES;
				CLANG_WARN_DIRECT_OBJC_ISA_USAGE = YES_ERROR;
				CLANG_WARN_EMPTY_BODY = YES;
				CLANG_WARN_ENUM_CONVERSION = YES;
				CLANG_WARN_INT_CONVERSION = YES;
				CLANG_WARN_OBJC_ROOT_CLASS = YES_ERROR;
				CLANG_WARN_UNREACHABLE_CODE = YES;
				CLANG_WARN__DUPLICATE_METHOD_MATCH = YES;
				"CODE_SIGN_IDENTITY[sdk=iphoneos*]" = "iPhone Developer";
				COPY_PHASE_STRIP = NO;
				DEBUG_INFORMATION_FORMAT = "dwarf-with-dsym";
				ENABLE_NS_ASSERTIONS = NO;
				ENABLE_STRICT_OBJC_MSGSEND = YES;
				GCC_C_LANGUAGE_STANDARD = gnu99;
				GCC_NO_COMMON_BLOCKS = YES;
				GCC_WARN_64_TO_32_BIT_CONVERSION = YES;
				GCC_WARN_ABOUT_RETURN_TYPE = YES_ERROR;
				GCC_WARN_UNDECLARED_SELECTOR = YES;
				GCC_WARN_UNINITIALIZED_AUTOS = YES_AGGRESSIVE;
				GCC_WARN_UNUSED_FUNCTION = YES;
				GCC_WARN_UNUSED_VARIABLE = YES;
				IPHONEOS_DEPLOYMENT_TARGET = 8.3;
				MTL_ENABLE_DEBUG_INFO = NO;
				SDKROOT = iphoneos;
				TARGETED_DEVICE_FAMILY = "1,2";
				VALIDATE_PRODUCT = YES;
			};
			name = Release;
		};
		4D92D8D61BD241540076201A /* Debug */ = {
			isa = XCBuildConfiguration;
			buildSettings = {
				ASSETCATALOG_COMPILER_APPICON_NAME = AppIcon;
				CODE_SIGN_IDENTITY = "iPhone Developer";
				"CODE_SIGN_IDENTITY[sdk=iphoneos*]" = "iPhone Developer";
				INFOPLIST_FILE = CurrencyCalculator/Info.plist;
				LD_RUNPATH_SEARCH_PATHS = "$(inherited) @executable_path/Frameworks";
				PRODUCT_BUNDLE_IDENTIFIER = "com.pixelstitch.$(PRODUCT_NAME:rfc1034identifier)";
				PRODUCT_NAME = "$(TARGET_NAME)";
				PROVISIONING_PROFILE = "";
			};
			name = Debug;
		};
		4D92D8D71BD241540076201A /* Release */ = {
			isa = XCBuildConfiguration;
			buildSettings = {
				ASSETCATALOG_COMPILER_APPICON_NAME = AppIcon;
				CODE_SIGN_IDENTITY = "iPhone Developer";
				"CODE_SIGN_IDENTITY[sdk=iphoneos*]" = "iPhone Developer";
				INFOPLIST_FILE = CurrencyCalculator/Info.plist;
				LD_RUNPATH_SEARCH_PATHS = "$(inherited) @executable_path/Frameworks";
				PRODUCT_BUNDLE_IDENTIFIER = "com.pixelstitch.$(PRODUCT_NAME:rfc1034identifier)";
				PRODUCT_NAME = "$(TARGET_NAME)";
				PROVISIONING_PROFILE = "";
			};
			name = Release;
		};
		4D92D8D91BD241540076201A /* Debug */ = {
			isa = XCBuildConfiguration;
			buildSettings = {
				BUNDLE_LOADER = "$(TEST_HOST)";
				FRAMEWORK_SEARCH_PATHS = (
					"$(SDKROOT)/Developer/Library/Frameworks",
					"$(inherited)",
				);
				GCC_PREPROCESSOR_DEFINITIONS = (
					"DEBUG=1",
					"$(inherited)",
				);
				INFOPLIST_FILE = CurrencyCalculatorTests/Info.plist;
				LD_RUNPATH_SEARCH_PATHS = "$(inherited) @executable_path/Frameworks @loader_path/Frameworks";
				PRODUCT_BUNDLE_IDENTIFIER = "com.pixelstitch.$(PRODUCT_NAME:rfc1034identifier)";
				PRODUCT_NAME = "$(TARGET_NAME)";
				TEST_HOST = "$(BUILT_PRODUCTS_DIR)/CurrencyCalculator.app/CurrencyCalculator";
			};
			name = Debug;
		};
		4D92D8DA1BD241540076201A /* Release */ = {
			isa = XCBuildConfiguration;
			buildSettings = {
				BUNDLE_LOADER = "$(TEST_HOST)";
				FRAMEWORK_SEARCH_PATHS = (
					"$(SDKROOT)/Developer/Library/Frameworks",
					"$(inherited)",
				);
				INFOPLIST_FILE = CurrencyCalculatorTests/Info.plist;
				LD_RUNPATH_SEARCH_PATHS = "$(inherited) @executable_path/Frameworks @loader_path/Frameworks";
				PRODUCT_BUNDLE_IDENTIFIER = "com.pixelstitch.$(PRODUCT_NAME:rfc1034identifier)";
				PRODUCT_NAME = "$(TARGET_NAME)";
				TEST_HOST = "$(BUILT_PRODUCTS_DIR)/CurrencyCalculator.app/CurrencyCalculator";
			};
			name = Release;
		};
/* End XCBuildConfiguration section */

/* Begin XCConfigurationList section */
		4D92D8B11BD241540076201A /* Build configuration list for PBXProject "CurrencyCalculator" */ = {
			isa = XCConfigurationList;
			buildConfigurations = (
				4D92D8D31BD241540076201A /* Debug */,
				4D92D8D41BD241540076201A /* Release */,
			);
			defaultConfigurationIsVisible = 0;
			defaultConfigurationName = Release;
		};
		4D92D8D51BD241540076201A /* Build configuration list for PBXNativeTarget "CurrencyCalculator" */ = {
			isa = XCConfigurationList;
			buildConfigurations = (
				4D92D8D61BD241540076201A /* Debug */,
				4D92D8D71BD241540076201A /* Release */,
			);
			defaultConfigurationIsVisible = 0;
			defaultConfigurationName = Release;
		};
		4D92D8D81BD241540076201A /* Build configuration list for PBXNativeTarget "CurrencyCalculatorTests" */ = {
			isa = XCConfigurationList;
			buildConfigurations = (
				4D92D8D91BD241540076201A /* Debug */,
				4D92D8DA1BD241540076201A /* Release */,
			);
			defaultConfigurationIsVisible = 0;
			defaultConfigurationName = Release;
		};
/* End XCConfigurationList section */
	};
	rootObject = 4D92D8AE1BD241540076201A /* Project object */;
}
